
Microsoft Visual Studio Solution File, Format Version 12.00
# Visual Studio Version 17
VisualStudioVersion = 17.8.34309.116
MinimumVisualStudioVersion = 10.0.40219.1
Project("{9A19103F-16F7-4668-BE54-9A1E7A4F7556}") = "Test_Task_Library", "Test_Task_Library\Test_Task_Library.csproj", "{AE5354AA-A5F1-4DB0-8199-A64AA4238B55}"
EndProject
Project("{9A19103F-16F7-4668-BE54-9A1E7A4F7556}") = "Test_Task_MSTest", "Test_Task_MSTest\Test_Task_MSTest.csproj", "{2C284E14-36AE-4A1D-BDD3-B24B5ED11EF3}"
EndProject
Global
	GlobalSection(SolutionConfigurationPlatforms) = preSolution
		Debug|Any CPU = Debug|Any CPU
		Release|Any CPU = Release|Any CPU
	EndGlobalSection
	GlobalSection(ProjectConfigurationPlatforms) = postSolution
		{AE5354AA-A5F1-4DB0-8199-A64AA4238B55}.Debug|Any CPU.ActiveCfg = Debug|Any CPU
		{AE5354AA-A5F1-4DB0-8199-A64AA4238B55}.Debug|Any CPU.Build.0 = Debug|Any CPU
		{AE5354AA-A5F1-4DB0-8199-A64AA4238B55}.Release|Any CPU.ActiveCfg = Release|Any CPU
		{AE5354AA-A5F1-4DB0-8199-A64AA4238B55}.Release|Any CPU.Build.0 = Release|Any CPU
		{2C284E14-36AE-4A1D-BDD3-B24B5ED11EF3}.Debug|Any CPU.ActiveCfg = Debug|Any CPU
		{2C284E14-36AE-4A1D-BDD3-B24B5ED11EF3}.Debug|Any CPU.Build.0 = Debug|Any CPU
		{2C284E14-36AE-4A1D-BDD3-B24B5ED11EF3}.Release|Any CPU.ActiveCfg = Release|Any CPU
		{2C284E14-36AE-4A1D-BDD3-B24B5ED11EF3}.Release|Any CPU.Build.0 = Release|Any CPU
	EndGlobalSection
	GlobalSection(SolutionProperties) = preSolution
		HideSolutionNode = FALSE
	EndGlobalSection
	GlobalSection(ExtensibilityGlobals) = postSolution
		SolutionGuid = {D671BDAF-0DD2-4344-BB28-5EDBCA5379A6}
	EndGlobalSection
EndGlobal
